
Microsoft Visual Studio Solution File, Format Version 12.00
# Visual Studio Version 16
VisualStudioVersion = 16.0.29728.190
MinimumVisualStudioVersion = 10.0.40219.1
Project("{FAE04EC0-301F-11D3-BF4B-00C04F79EFBC}") = "8_hodina_,malovani", "8_hodina_,malovani\8_hodina_,malovani.csproj", "{58FBDD2E-1A7C-45F1-B9D0-474D770D32C6}"
EndProject
Global
	GlobalSection(SolutionConfigurationPlatforms) = preSolution
		Debug|Any CPU = Debug|Any CPU
		Release|Any CPU = Release|Any CPU
	EndGlobalSection
	GlobalSection(ProjectConfigurationPlatforms) = postSolution
		{58FBDD2E-1A7C-45F1-B9D0-474D770D32C6}.Debug|Any CPU.ActiveCfg = Debug|Any CPU
		{58FBDD2E-1A7C-45F1-B9D0-474D770D32C6}.Debug|Any CPU.Build.0 = Debug|Any CPU
		{58FBDD2E-1A7C-45F1-B9D0-474D770D32C6}.Release|Any CPU.ActiveCfg = Release|Any CPU
		{58FBDD2E-1A7C-45F1-B9D0-474D770D32C6}.Release|Any CPU.Build.0 = Release|Any CPU
	EndGlobalSection
	GlobalSection(SolutionProperties) = preSolution
		HideSolutionNode = FALSE
	EndGlobalSection
	GlobalSection(ExtensibilityGlobals) = postSolution
		SolutionGuid = {927AADEF-74F4-4D1B-B40A-6E1921727161}
	EndGlobalSection
EndGlobal
